{
  "name": "sebastienbV2",
  "lockfileVersion": 3,
  "requires": true,
  "packages": {
    "": {
      "dependencies": {
        "gsap": "^3.12.5",
        "remixicon": "^4.3.0"
      }
    },
    "node_modules/gsap": {
      "version": "3.12.5",
      "resolved": "https://registry.npmjs.org/gsap/-/gsap-3.12.5.tgz",
      "integrity": "sha512-srBfnk4n+Oe/ZnMIOXt3gT605BX9x5+rh/prT2F1SsNJsU1XuMiP0E2aptW481OnonOGACZWBqseH5Z7csHxhQ=="
    },
    "node_modules/remixicon": {
      "version": "4.3.0",
      "resolved": "https://registry.npmjs.org/remixicon/-/remixicon-4.3.0.tgz",
      "integrity": "sha512-jRYQ37dTFSkJtvcxwTUAkIiXkYRvA9EDvVuXPNrmt2xf/VS//CRgFtsX2TAFBoQOhh9SDh7l6La4Xu12snEyxg=="
    }
  }
}
